
Microsoft Visual Studio Solution File, Format Version 12.00
# Visual Studio Version 17
VisualStudioVersion = 17.13.35825.156 d17.13
MinimumVisualStudioVersion = 10.0.40219.1
Project("{FAE04EC0-301F-11D3-BF4B-00C04F79EFBC}") = "TrowelMod", "TrowelMod.csproj", "{4358610B-F3F4-4843-B7AF-98B7BC60DCDE}"
EndProject
Global
	GlobalSection(SolutionConfigurationPlatforms) = preSolution
		Debug|Any CPU = Debug|Any CPU
		Release|Any CPU = Release|Any CPU
	EndGlobalSection
	GlobalSection(ProjectConfigurationPlatforms) = postSolution
		{4358610B-F3F4-4843-B7AF-98B7BC60DCDE}.Debug|Any CPU.ActiveCfg = Debug|Any CPU
		{4358610B-F3F4-4843-B7AF-98B7BC60DCDE}.Debug|Any CPU.Build.0 = Debug|Any CPU
		{4358610B-F3F4-4843-B7AF-98B7BC60DCDE}.Release|Any CPU.ActiveCfg = Release|Any CPU
		{4358610B-F3F4-4843-B7AF-98B7BC60DCDE}.Release|Any CPU.Build.0 = Release|Any CPU
	EndGlobalSection
	GlobalSection(SolutionProperties) = preSolution
		HideSolutionNode = FALSE
	EndGlobalSection
	GlobalSection(ExtensibilityGlobals) = postSolution
		SolutionGuid = {7917F66E-7B17-4C43-B3F4-9E9F5EC84375}
	EndGlobalSection
EndGlobal
